{
  "name": "uglifyjs-bug",
  "version": "1.0.0",
  "lockfileVersion": 1,
  "requires": true,
  "dependencies": {
    "commander": {
      "version": "2.15.0",
      "resolved": "https://registry.npmjs.org/commander/-/commander-2.15.0.tgz",
      "integrity": "sha512-7B1ilBwtYSbetCgTY1NJFg+gVpestg0fdA1MhC1Vs4ssyfSXnCAjFr+QcQM9/RedXC0EaUx1sG8Smgw2VfgKEg=="
    },
    "source-map": {
      "version": "0.6.1",
      "resolved": "https://registry.npmjs.org/source-map/-/source-map-0.6.1.tgz",
      "integrity": "sha512-UjgapumWlbMhkBgzT7Ykc5YXUT46F0iKu8SGXq0bcwP5dz/h0Plj6enJqjz1Zbq2l5WaqYnrVbwWOWMyF3F47g=="
    },
    "uglify-js": {
      "version": "3.3.15",
      "resolved": "https://registry.npmjs.org/uglify-js/-/uglify-js-3.3.15.tgz",
      "integrity": "sha512-bqtBCAINYXX/OkdnqMGpbXr+OPWc00hsozRpk+dAtfnbdk2jjKiLmyOkQ7zamg648lVMnzATL8JrSN6LmaVpYA==",
      "requires": {
        "commander": "2.15.0",
        "source-map": "0.6.1"
      }
    }
  }
}
